
Microsoft Visual Studio Solution File, Format Version 12.00
# Visual Studio 15
VisualStudioVersion = 15.0.27130.2027
MinimumVisualStudioVersion = 10.0.40219.1
Project("{FAE04EC0-301F-11D3-BF4B-00C04F79EFBC}") = "WebApplication1", "WebApplication1\WebApplication1.csproj", "{98CFCED9-3454-430C-BAAF-956FF4624F6C}"
EndProject
Project("{FAE04EC0-301F-11D3-BF4B-00C04F79EFBC}") = "WebApplication1.Models", "WebApplication1.Models\WebApplication1.Models.csproj", "{251092B0-66CE-4522-8134-286BCB965190}"
EndProject
Project("{FAE04EC0-301F-11D3-BF4B-00C04F79EFBC}") = "WebApplication1.Service", "WebApplication1.Service\WebApplication1.Service.csproj", "{FBFEA5D6-1B8C-470B-99A3-87B94DD8310B}"
EndProject
Global
	GlobalSection(SolutionConfigurationPlatforms) = preSolution
		Debug|Any CPU = Debug|Any CPU
		Release|Any CPU = Release|Any CPU
	EndGlobalSection
	GlobalSection(ProjectConfigurationPlatforms) = postSolution
		{98CFCED9-3454-430C-BAAF-956FF4624F6C}.Debug|Any CPU.ActiveCfg = Debug|Any CPU
		{98CFCED9-3454-430C-BAAF-956FF4624F6C}.Debug|Any CPU.Build.0 = Debug|Any CPU
		{98CFCED9-3454-430C-BAAF-956FF4624F6C}.Release|Any CPU.ActiveCfg = Release|Any CPU
		{98CFCED9-3454-430C-BAAF-956FF4624F6C}.Release|Any CPU.Build.0 = Release|Any CPU
		{251092B0-66CE-4522-8134-286BCB965190}.Debug|Any CPU.ActiveCfg = Debug|Any CPU
		{251092B0-66CE-4522-8134-286BCB965190}.Debug|Any CPU.Build.0 = Debug|Any CPU
		{251092B0-66CE-4522-8134-286BCB965190}.Release|Any CPU.ActiveCfg = Release|Any CPU
		{251092B0-66CE-4522-8134-286BCB965190}.Release|Any CPU.Build.0 = Release|Any CPU
		{FBFEA5D6-1B8C-470B-99A3-87B94DD8310B}.Debug|Any CPU.ActiveCfg = Debug|Any CPU
		{FBFEA5D6-1B8C-470B-99A3-87B94DD8310B}.Debug|Any CPU.Build.0 = Debug|Any CPU
		{FBFEA5D6-1B8C-470B-99A3-87B94DD8310B}.Release|Any CPU.ActiveCfg = Release|Any CPU
		{FBFEA5D6-1B8C-470B-99A3-87B94DD8310B}.Release|Any CPU.Build.0 = Release|Any CPU
	EndGlobalSection
	GlobalSection(SolutionProperties) = preSolution
		HideSolutionNode = FALSE
	EndGlobalSection
	GlobalSection(ExtensibilityGlobals) = postSolution
		SolutionGuid = {512B8DA7-CF7E-42E6-8AC1-7A34EE6BADA1}
	EndGlobalSection
EndGlobal
